// !$*UTF8*$!
{
	archiveVersion = 1;
	classes = {
	};
	objectVersion = 50;
	objects = {

/* Begin PBXBuildFile section */
		F853BDA4224A2F5B00BC9612 /* AppDelegate.m in Sources */ = {isa = PBXBuildFile; fileRef = F853BDA3224A2F5B00BC9612 /* AppDelegate.m */; };
		F853BDA7224A2F5B00BC9612 /* AZViewController.m in Sources */ = {isa = PBXBuildFile; fileRef = F853BDA6224A2F5B00BC9612 /* AZViewController.m */; };
		F853BDAA224A2F5B00BC9612 /* Main.storyboard in Resources */ = {isa = PBXBuildFile; fileRef = F853BDA8224A2F5B00BC9612 /* Main.storyboard */; };
		F853BDAC224A2F5C00BC9612 /* Assets.xcassets in Resources */ = {isa = PBXBuildFile; fileRef = F853BDAB224A2F5C00BC9612 /* Assets.xcassets */; };
		F853BDAF224A2F5C00BC9612 /* LaunchScreen.storyboard in Resources */ = {isa = PBXBuildFile; fileRef = F853BDAD224A2F5C00BC9612 /* LaunchScreen.storyboard */; };
		F853BDB2224A2F5C00BC9612 /* main.m in Sources */ = {isa = PBXBuildFile; fileRef = F853BDB1224A2F5C00BC9612 /* main.m */; };
		F853BDB9224A574400BC9612 /* images in Resources */ = {isa = PBXBuildFile; fileRef = F853BDB8224A574400BC9612 /* images */; };
		F87FC1DF224BC5CC0037FFEF /* AZStack.m in Sources */ = {isa = PBXBuildFile; fileRef = F87FC1DE224BC5CC0037FFEF /* AZStack.m */; };
		F87FC1E2224BC9950037FFEF /* AZQueue.m in Sources */ = {isa = PBXBuildFile; fileRef = F87FC1E1224BC9950037FFEF /* AZQueue.m */; };
		F87FC1EE224BE1C10037FFEF /* AZHuman.m in Sources */ = {isa = PBXBuildFile; fileRef = F87FC1ED224BE1C10037FFEF /* AZHuman.m */; };
		F87FC1F2224BE6C20037FFEF /* AZBook.m in Sources */ = {isa = PBXBuildFile; fileRef = F87FC1F1224BE6C20037FFEF /* AZBook.m */; };
		F87FC1F5224BE74A0037FFEF /* AZPage.m in Sources */ = {isa = PBXBuildFile; fileRef = F87FC1F4224BE74A0037FFEF /* AZPage.m */; };
		F87FC1FE224D1D510037FFEF /* NSString+AZAddictions.m in Sources */ = {isa = PBXBuildFile; fileRef = F87FC1FD224D1D510037FFEF /* NSString+AZAddictions.m */; };
/* End PBXBuildFile section */

/* Begin PBXFileReference section */
		F81FA2DF2260C60500C9EC57 /* bart.png */ = {isa = PBXFileReference; lastKnownFileType = image.png; path = bart.png; sourceTree = "<group>"; };
		F853BD9F224A2F5B00BC9612 /* storyboard-learning.app */ = {isa = PBXFileReference; explicitFileType = wrapper.application; includeInIndex = 0; path = "storyboard-learning.app"; sourceTree = BUILT_PRODUCTS_DIR; };
		F853BDA2224A2F5B00BC9612 /* AppDelegate.h */ = {isa = PBXFileReference; lastKnownFileType = sourcecode.c.h; path = AppDelegate.h; sourceTree = "<group>"; };
		F853BDA3224A2F5B00BC9612 /* AppDelegate.m */ = {isa = PBXFileReference; lastKnownFileType = sourcecode.c.objc; path = AppDelegate.m; sourceTree = "<group>"; };
		F853BDA5224A2F5B00BC9612 /* AZViewController.h */ = {isa = PBXFileReference; lastKnownFileType = sourcecode.c.h; path = AZViewController.h; sourceTree = "<group>"; };
		F853BDA6224A2F5B00BC9612 /* AZViewController.m */ = {isa = PBXFileReference; lastKnownFileType = sourcecode.c.objc; path = AZViewController.m; sourceTree = "<group>"; };
		F853BDA9224A2F5B00BC9612 /* Base */ = {isa = PBXFileReference; lastKnownFileType = file.storyboard; name = Base; path = Base.lproj/Main.storyboard; sourceTree = "<group>"; };
		F853BDAB224A2F5C00BC9612 /* Assets.xcassets */ = {isa = PBXFileReference; lastKnownFileType = folder.assetcatalog; path = Assets.xcassets; sourceTree = "<group>"; };
		F853BDAE224A2F5C00BC9612 /* Base */ = {isa = PBXFileReference; lastKnownFileType = file.storyboard; name = Base; path = Base.lproj/LaunchScreen.storyboard; sourceTree = "<group>"; };
		F853BDB0224A2F5C00BC9612 /* Info.plist */ = {isa = PBXFileReference; lastKnownFileType = text.plist.xml; path = Info.plist; sourceTree = "<group>"; };
		F853BDB1224A2F5C00BC9612 /* main.m */ = {isa = PBXFileReference; lastKnownFileType = sourcecode.c.objc; path = main.m; sourceTree = "<group>"; };
		F853BDB8224A574400BC9612 /* images */ = {isa = PBXFileReference; lastKnownFileType = folder; path = images; sourceTree = "<group>"; };
		F87FC1DD224BC5CB0037FFEF /* AZStack.h */ = {isa = PBXFileReference; fileEncoding = 4; lastKnownFileType = sourcecode.c.h; path = AZStack.h; sourceTree = "<group>"; };
		F87FC1DE224BC5CC0037FFEF /* AZStack.m */ = {isa = PBXFileReference; fileEncoding = 4; lastKnownFileType = sourcecode.c.objc; path = AZStack.m; sourceTree = "<group>"; };
		F87FC1E0224BC9950037FFEF /* AZQueue.h */ = {isa = PBXFileReference; lastKnownFileType = sourcecode.c.h; path = AZQueue.h; sourceTree = "<group>"; };
		F87FC1E1224BC9950037FFEF /* AZQueue.m */ = {isa = PBXFileReference; lastKnownFileType = sourcecode.c.objc; path = AZQueue.m; sourceTree = "<group>"; };
		F87FC1EA224BE0D60037FFEF /* AZRunable.h */ = {isa = PBXFileReference; lastKnownFileType = sourcecode.c.h; path = AZRunable.h; sourceTree = "<group>"; };
		F87FC1EB224BE12E0037FFEF /* AZWalkable.h */ = {isa = PBXFileReference; lastKnownFileType = sourcecode.c.h; path = AZWalkable.h; sourceTree = "<group>"; };
		F87FC1EC224BE1C10037FFEF /* AZHuman.h */ = {isa = PBXFileReference; lastKnownFileType = sourcecode.c.h; path = AZHuman.h; sourceTree = "<group>"; };
		F87FC1ED224BE1C10037FFEF /* AZHuman.m */ = {isa = PBXFileReference; lastKnownFileType = sourcecode.c.objc; path = AZHuman.m; sourceTree = "<group>"; };
		F87FC1EF224BE43D0037FFEF /* AZPassport.h */ = {isa = PBXFileReference; lastKnownFileType = sourcecode.c.h; path = AZPassport.h; sourceTree = "<group>"; };
		F87FC1F0224BE6C20037FFEF /* AZBook.h */ = {isa = PBXFileReference; lastKnownFileType = sourcecode.c.h; path = AZBook.h; sourceTree = "<group>"; };
		F87FC1F1224BE6C20037FFEF /* AZBook.m */ = {isa = PBXFileReference; lastKnownFileType = sourcecode.c.objc; path = AZBook.m; sourceTree = "<group>"; };
		F87FC1F3224BE74A0037FFEF /* AZPage.h */ = {isa = PBXFileReference; lastKnownFileType = sourcecode.c.h; path = AZPage.h; sourceTree = "<group>"; };
		F87FC1F4224BE74A0037FFEF /* AZPage.m */ = {isa = PBXFileReference; lastKnownFileType = sourcecode.c.objc; path = AZPage.m; sourceTree = "<group>"; };
		F87FC1FC224D1D510037FFEF /* NSString+AZAddictions.h */ = {isa = PBXFileReference; lastKnownFileType = sourcecode.c.h; path = "NSString+AZAddictions.h"; sourceTree = "<group>"; };
		F87FC1FD224D1D510037FFEF /* NSString+AZAddictions.m */ = {isa = PBXFileReference; lastKnownFileType = sourcecode.c.objc; path = "NSString+AZAddictions.m"; sourceTree = "<group>"; };
/* End PBXFileReference section */

/* Begin PBXFrameworksBuildPhase section */
		F853BD9C224A2F5B00BC9612 /* Frameworks */ = {
			isa = PBXFrameworksBuildPhase;
			buildActionMask = 2147483647;
			files = (
			);
			runOnlyForDeploymentPostprocessing = 0;
		};
/* End PBXFrameworksBuildPhase section */

/* Begin PBXGroup section */
		F853BD96224A2F5B00BC9612 = {
			isa = PBXGroup;
			children = (
				F853BDA1224A2F5B00BC9612 /* storyboard-learning */,
				F853BDA0224A2F5B00BC9612 /* Products */,
			);
			sourceTree = "<group>";
		};
		F853BDA0224A2F5B00BC9612 /* Products */ = {
			isa = PBXGroup;
			children = (
				F853BD9F224A2F5B00BC9612 /* storyboard-learning.app */,
			);
			name = Products;
			sourceTree = "<group>";
		};
		F853BDA1224A2F5B00BC9612 /* storyboard-learning */ = {
			isa = PBXGroup;
			children = (
				F87FC1DD224BC5CB0037FFEF /* AZStack.h */,
				F87FC1DE224BC5CC0037FFEF /* AZStack.m */,
				F853BDA2224A2F5B00BC9612 /* AppDelegate.h */,
				F853BDA3224A2F5B00BC9612 /* AppDelegate.m */,
				F853BDA5224A2F5B00BC9612 /* AZViewController.h */,
				F853BDA6224A2F5B00BC9612 /* AZViewController.m */,
				F853BDA8224A2F5B00BC9612 /* Main.storyboard */,
				F853BDAB224A2F5C00BC9612 /* Assets.xcassets */,
				F81FA2DF2260C60500C9EC57 /* bart.png */,
				F853BDAD224A2F5C00BC9612 /* LaunchScreen.storyboard */,
				F853BDB0224A2F5C00BC9612 /* Info.plist */,
				F853BDB1224A2F5C00BC9612 /* main.m */,
				F853BDB8224A574400BC9612 /* images */,
				F87FC1E0224BC9950037FFEF /* AZQueue.h */,
				F87FC1E1224BC9950037FFEF /* AZQueue.m */,
				F87FC1EA224BE0D60037FFEF /* AZRunable.h */,
				F87FC1EB224BE12E0037FFEF /* AZWalkable.h */,
				F87FC1EC224BE1C10037FFEF /* AZHuman.h */,
				F87FC1ED224BE1C10037FFEF /* AZHuman.m */,
				F87FC1EF224BE43D0037FFEF /* AZPassport.h */,
				F87FC1F0224BE6C20037FFEF /* AZBook.h */,
				F87FC1F1224BE6C20037FFEF /* AZBook.m */,
				F87FC1F3224BE74A0037FFEF /* AZPage.h */,
				F87FC1F4224BE74A0037FFEF /* AZPage.m */,
				F87FC1FC224D1D510037FFEF /* NSString+AZAddictions.h */,
				F87FC1FD224D1D510037FFEF /* NSString+AZAddictions.m */,
			);
			path = "storyboard-learning";
			sourceTree = "<group>";
		};
/* End PBXGroup section */

/* Begin PBXNativeTarget section */
		F853BD9E224A2F5B00BC9612 /* storyboard-learning */ = {
			isa = PBXNativeTarget;
			buildConfigurationList = F853BDB5224A2F5C00BC9612 /* Build configuration list for PBXNativeTarget "storyboard-learning" */;
			buildPhases = (
				F853BD9B224A2F5B00BC9612 /* Sources */,
				F853BD9C224A2F5B00BC9612 /* Frameworks */,
				F853BD9D224A2F5B00BC9612 /* Resources */,
			);
			buildRules = (
			);
			dependencies = (
			);
			name = "storyboard-learning";
			productName = "storyboard-learning";
			productReference = F853BD9F224A2F5B00BC9612 /* storyboard-learning.app */;
			productType = "com.apple.product-type.application";
		};
/* End PBXNativeTarget section */

/* Begin PBXProject section */
		F853BD97224A2F5B00BC9612 /* Project object */ = {
			isa = PBXProject;
			attributes = {
				LastUpgradeCheck = 1010;
				ORGANIZATIONNAME = "Zolotoverkhov Artem";
				TargetAttributes = {
					F853BD9E224A2F5B00BC9612 = {
						CreatedOnToolsVersion = 10.1;
					};
				};
			};
			buildConfigurationList = F853BD9A224A2F5B00BC9612 /* Build configuration list for PBXProject "storyboard-learning" */;
			compatibilityVersion = "Xcode 9.3";
			developmentRegion = en;
			hasScannedForEncodings = 0;
			knownRegions = (
				en,
				Base,
			);
			mainGroup = F853BD96224A2F5B00BC9612;
			productRefGroup = F853BDA0224A2F5B00BC9612 /* Products */;
			projectDirPath = "";
			projectRoot = "";
			targets = (
				F853BD9E224A2F5B00BC9612 /* storyboard-learning */,
			);
		};
/* End PBXProject section */

/* Begin PBXResourcesBuildPhase section */
		F853BD9D224A2F5B00BC9612 /* Resources */ = {
			isa = PBXResourcesBuildPhase;
			buildActionMask = 2147483647;
			files = (
				F853BDB9224A574400BC9612 /* images in Resources */,
				F853BDAF224A2F5C00BC9612 /* LaunchScreen.storyboard in Resources */,
				F853BDAC224A2F5C00BC9612 /* Assets.xcassets in Resources */,
				F853BDAA224A2F5B00BC9612 /* Main.storyboard in Resources */,
			);
			runOnlyForDeploymentPostprocessing = 0;
		};
/* End PBXResourcesBuildPhase section */

/* Begin PBXSourcesBuildPhase section */
		F853BD9B224A2F5B00BC9612 /* Sources */ = {
			isa = PBXSourcesBuildPhase;
			buildActionMask = 2147483647;
			files = (
				F87FC1FE224D1D510037FFEF /* NSString+AZAddictions.m in Sources */,
				F87FC1E2224BC9950037FFEF /* AZQueue.m in Sources */,
				F853BDA7224A2F5B00BC9612 /* AZViewController.m in Sources */,
				F87FC1DF224BC5CC0037FFEF /* AZStack.m in Sources */,
				F87FC1F5224BE74A0037FFEF /* AZPage.m in Sources */,
				F87FC1EE224BE1C10037FFEF /* AZHuman.m in Sources */,
				F853BDB2224A2F5C00BC9612 /* main.m in Sources */,
				F87FC1F2224BE6C20037FFEF /* AZBook.m in Sources */,
				F853BDA4224A2F5B00BC9612 /* AppDelegate.m in Sources */,
			);
			runOnlyForDeploymentPostprocessing = 0;
		};
/* End PBXSourcesBuildPhase section */

/* Begin PBXVariantGroup section */
		F853BDA8224A2F5B00BC9612 /* Main.storyboard */ = {
			isa = PBXVariantGroup;
			children = (
				F853BDA9224A2F5B00BC9612 /* Base */,
			);
			name = Main.storyboard;
			sourceTree = "<group>";
		};
		F853BDAD224A2F5C00BC9612 /* LaunchScreen.storyboard */ = {
			isa = PBXVariantGroup;
			children = (
				F853BDAE224A2F5C00BC9612 /* Base */,
			);
			name = LaunchScreen.storyboard;
			sourceTree = "<group>";
		};
/* End PBXVariantGroup section */

/* Begin XCBuildConfiguration section */
		F853BDB3224A2F5C00BC9612 /* Debug */ = {
			isa = XCBuildConfiguration;
			buildSettings = {
				ALWAYS_SEARCH_USER_PATHS = NO;
				CLANG_ANALYZER_NONNULL = YES;
				CLANG_ANALYZER_NUMBER_OBJECT_CONVERSION = YES_AGGRESSIVE;
				CLANG_CXX_LANGUAGE_STANDARD = "gnu++14";
				CLANG_CXX_LIBRARY = "libc++";
				CLANG_ENABLE_MODULES = YES;
				CLANG_ENABLE_OBJC_ARC = YES;
				CLANG_ENABLE_OBJC_WEAK = YES;
				CLANG_WARN_BLOCK_CAPTURE_AUTORELEASING = YES;
				CLANG_WARN_BOOL_CONVERSION = YES;
				CLANG_WARN_COMMA = YES;
				CLANG_WARN_CONSTANT_CONVERSION = YES;
				CLANG_WARN_DEPRECATED_OBJC_IMPLEMENTATIONS = YES;
				CLANG_WARN_DIRECT_OBJC_ISA_USAGE = YES_ERROR;
				CLANG_WARN_DOCUMENTATION_COMMENTS = YES;
				CLANG_WARN_EMPTY_BODY = YES;
				CLANG_WARN_ENUM_CONVERSION = YES;
				CLANG_WARN_INFINITE_RECURSION = YES;
				CLANG_WARN_INT_CONVERSION = YES;
				CLANG_WARN_NON_LITERAL_NULL_CONVERSION = YES;
				CLANG_WARN_OBJC_IMPLICIT_RETAIN_SELF = YES;
				CLANG_WARN_OBJC_LITERAL_CONVERSION = YES;
				CLANG_WARN_OBJC_ROOT_CLASS = YES_ERROR;
				CLANG_WARN_RANGE_LOOP_ANALYSIS = YES;
				CLANG_WARN_STRICT_PROTOTYPES = YES;
				CLANG_WARN_SUSPICIOUS_MOVE = YES;
				CLANG_WARN_UNGUARDED_AVAILABILITY = YES_AGGRESSIVE;
				CLANG_WARN_UNREACHABLE_CODE = YES;
				CLANG_WARN__DUPLICATE_METHOD_MATCH = YES;
				CODE_SIGN_IDENTITY = "iPhone Developer";
				COPY_PHASE_STRIP = NO;
				DEBUG_INFORMATION_FORMAT = dwarf;
				ENABLE_STRICT_OBJC_MSGSEND = YES;
				ENABLE_TESTABILITY = YES;
				GCC_C_LANGUAGE_STANDARD = gnu11;
				GCC_DYNAMIC_NO_PIC = NO;
				GCC_NO_COMMON_BLOCKS = YES;
				GCC_OPTIMIZATION_LEVEL = 0;
				GCC_PREPROCESSOR_DEFINITIONS = (
					"DEBUG=1",
					"$(inherited)",
				);
				GCC_WARN_64_TO_32_BIT_CONVERSION = YES;
				GCC_WARN_ABOUT_RETURN_TYPE = YES_ERROR;
				GCC_WARN_UNDECLARED_SELECTOR = YES;
				GCC_WARN_UNINITIALIZED_AUTOS = YES_AGGRESSIVE;
				GCC_WARN_UNUSED_FUNCTION = YES;
				GCC_WARN_UNUSED_VARIABLE = YES;
				IPHONEOS_DEPLOYMENT_TARGET = 12.1;
				MTL_ENABLE_DEBUG_INFO = INCLUDE_SOURCE;
				MTL_FAST_MATH = YES;
				ONLY_ACTIVE_ARCH = YES;
				SDKROOT = iphoneos;
			};
			name = Debug;
		};
		F853BDB4224A2F5C00BC9612 /* Release */ = {
			isa = XCBuildConfiguration;
			buildSettings = {
				ALWAYS_SEARCH_USER_PATHS = NO;
				CLANG_ANALYZER_NONNULL = YES;
				CLANG_ANALYZER_NUMBER_OBJECT_CONVERSION = YES_AGGRESSIVE;
				CLANG_CXX_LANGUAGE_STANDARD = "gnu++14";
				CLANG_CXX_LIBRARY = "libc++";
				CLANG_ENABLE_MODULES = YES;
				CLANG_ENABLE_OBJC_ARC = YES;
				CLANG_ENABLE_OBJC_WEAK = YES;
				CLANG_WARN_BLOCK_CAPTURE_AUTORELEASING = YES;
				CLANG_WARN_BOOL_CONVERSION = YES;
				CLANG_WARN_COMMA = YES;
				CLANG_WARN_CONSTANT_CONVERSION = YES;
				CLANG_WARN_DEPRECATED_OBJC_IMPLEMENTATIONS = YES;
				CLANG_WARN_DIRECT_OBJC_ISA_USAGE = YES_ERROR;
				CLANG_WARN_DOCUMENTATION_COMMENTS = YES;
				CLANG_WARN_EMPTY_BODY = YES;
				CLANG_WARN_ENUM_CONVERSION = YES;
				CLANG_WARN_INFINITE_RECURSION = YES;
				CLANG_WARN_INT_CONVERSION = YES;
				CLANG_WARN_NON_LITERAL_NULL_CONVERSION = YES;
				CLANG_WARN_OBJC_IMPLICIT_RETAIN_SELF = YES;
				CLANG_WARN_OBJC_LITERAL_CONVERSION = YES;
				CLANG_WARN_OBJC_ROOT_CLASS = YES_ERROR;
				CLANG_WARN_RANGE_LOOP_ANALYSIS = YES;
				CLANG_WARN_STRICT_PROTOTYPES = YES;
				CLANG_WARN_SUSPICIOUS_MOVE = YES;
				CLANG_WARN_UNGUARDED_AVAILABILITY = YES_AGGRESSIVE;
				CLANG_WARN_UNREACHABLE_CODE = YES;
				CLANG_WARN__DUPLICATE_METHOD_MATCH = YES;
				CODE_SIGN_IDENTITY = "iPhone Developer";
				COPY_PHASE_STRIP = NO;
				DEBUG_INFORMATION_FORMAT = "dwarf-with-dsym";
				ENABLE_NS_ASSERTIONS = NO;
				ENABLE_STRICT_OBJC_MSGSEND = YES;
				GCC_C_LANGUAGE_STANDARD = gnu11;
				GCC_NO_COMMON_BLOCKS = YES;
				GCC_WARN_64_TO_32_BIT_CONVERSION = YES;
				GCC_WARN_ABOUT_RETURN_TYPE = YES_ERROR;
				GCC_WARN_UNDECLARED_SELECTOR = YES;
				GCC_WARN_UNINITIALIZED_AUTOS = YES_AGGRESSIVE;
				GCC_WARN_UNUSED_FUNCTION = YES;
				GCC_WARN_UNUSED_VARIABLE = YES;
				IPHONEOS_DEPLOYMENT_TARGET = 12.1;
				MTL_ENABLE_DEBUG_INFO = NO;
				MTL_FAST_MATH = YES;
				SDKROOT = iphoneos;
				VALIDATE_PRODUCT = YES;
			};
			name = Release;
		};
		F853BDB6224A2F5C00BC9612 /* Debug */ = {
			isa = XCBuildConfiguration;
			buildSettings = {
				ASSETCATALOG_COMPILER_APPICON_NAME = AppIcon;
				CODE_SIGN_STYLE = Automatic;
				DEVELOPMENT_TEAM = Q2B4X9FGD4;
				INFOPLIST_FILE = "storyboard-learning/Info.plist";
				LD_RUNPATH_SEARCH_PATHS = (
					"$(inherited)",
					"@executable_path/Frameworks",
				);
				PRODUCT_BUNDLE_IDENTIFIER = "ru.zol.storyboard-learning";
				PRODUCT_NAME = "$(TARGET_NAME)";
				TARGETED_DEVICE_FAMILY = "1,2";
			};
			name = Debug;
		};
		F853BDB7224A2F5C00BC9612 /* Release */ = {
			isa = XCBuildConfiguration;
			buildSettings = {
				ASSETCATALOG_COMPILER_APPICON_NAME = AppIcon;
				CODE_SIGN_STYLE = Automatic;
				DEVELOPMENT_TEAM = Q2B4X9FGD4;
				INFOPLIST_FILE = "storyboard-learning/Info.plist";
				LD_RUNPATH_SEARCH_PATHS = (
					"$(inherited)",
					"@executable_path/Frameworks",
				);
				PRODUCT_BUNDLE_IDENTIFIER = "ru.zol.storyboard-learning";
				PRODUCT_NAME = "$(TARGET_NAME)";
				TARGETED_DEVICE_FAMILY = "1,2";
			};
			name = Release;
		};
/* End XCBuildConfiguration section */

/* Begin XCConfigurationList section */
		F853BD9A224A2F5B00BC9612 /* Build configuration list for PBXProject "storyboard-learning" */ = {
			isa = XCConfigurationList;
			buildConfigurations = (
				F853BDB3224A2F5C00BC9612 /* Debug */,
				F853BDB4224A2F5C00BC9612 /* Release */,
			);
			defaultConfigurationIsVisible = 0;
			defaultConfigurationName = Release;
		};
		F853BDB5224A2F5C00BC9612 /* Build configuration list for PBXNativeTarget "storyboard-learning" */ = {
			isa = XCConfigurationList;
			buildConfigurations = (
				F853BDB6224A2F5C00BC9612 /* Debug */,
				F853BDB7224A2F5C00BC9612 /* Release */,
			);
			defaultConfigurationIsVisible = 0;
			defaultConfigurationName = Release;
		};
/* End XCConfigurationList section */
	};
	rootObject = F853BD97224A2F5B00BC9612 /* Project object */;
}
